
Microsoft Visual Studio Solution File, Format Version 12.00
# Visual Studio 14
VisualStudioVersion = 14.0.25420.1
MinimumVisualStudioVersion = 10.0.40219.1
Project("{FAE04EC0-301F-11D3-BF4B-00C04F79EFBC}") = "Files Auto-Rename", "Files_AutoRename\Files Auto-Rename.csproj", "{1321B001-E6F5-4289-9EB2-7278D6B4D1CE}"
EndProject
Global
	GlobalSection(SolutionConfigurationPlatforms) = preSolution
		Debug|x86 = Debug|x86
		Release|x86 = Release|x86
	EndGlobalSection
	GlobalSection(ProjectConfigurationPlatforms) = postSolution
		{1321B001-E6F5-4289-9EB2-7278D6B4D1CE}.Debug|x86.ActiveCfg = Debug|x86
		{1321B001-E6F5-4289-9EB2-7278D6B4D1CE}.Debug|x86.Build.0 = Debug|x86
		{1321B001-E6F5-4289-9EB2-7278D6B4D1CE}.Release|x86.ActiveCfg = Release|x86
		{1321B001-E6F5-4289-9EB2-7278D6B4D1CE}.Release|x86.Build.0 = Release|x86
	EndGlobalSection
	GlobalSection(SolutionProperties) = preSolution
		HideSolutionNode = FALSE
	EndGlobalSection
	GlobalSection(ExtensibilityGlobals) = postSolution
		SolutionGuid = {AA0A9F31-8C48-451B-B1EF-E600D3B2E1A6}
	EndGlobalSection
EndGlobal
